# THIS IS AN AUTOGENERATED FILE. DO NOT EDIT THIS FILE DIRECTLY.
# yarn lockfile v1


"@types/lodash@^4.14.132":
  version "4.14.149"
  resolved "https://registry.yarnpkg.com/@types/lodash/-/lodash-4.14.149.tgz#1342d63d948c6062838fbf961012f74d4e638440"
  integrity sha512-ijGqzZt/b7BfzcK9vTrS6MFljQRPn5BFWOx8oE0GYxribu6uV+aA9zZuXI1zc/etK9E8nrgdoF2+LgUw7+9tJQ==

"@types/node@^12.0.2":
  version "12.12.12"
  resolved "https://registry.yarnpkg.com/@types/node/-/node-12.12.12.tgz#529bc3e73dbb35dd9e90b0a1c83606a9d3264bdb"
  integrity sha512-MGuvYJrPU0HUwqF7LqvIj50RZUX23Z+m583KBygKYUZLlZ88n6w28XRNJRJgsHukLEnLz6w6SvxZoLgbr5wLqQ==

debug@^4.0.1:
  version "4.1.1"
  resolved "https://registry.yarnpkg.com/debug/-/debug-4.1.1.tgz#3b72260255109c6b589cee050f1d516139664791"
  integrity sha512-pYAIzeRo8J6KPEaJ0VWOh5Pzkbw/RetuzehGM7QRRX5he4fPHx2rdKMB256ehJCkX+XRQm16eZLqLNS8RSZXZw==
  dependencies:
    ms "^2.1.1"

fast-csv@^3.4.0:
  version "3.4.0"
  resolved "https://registry.yarnpkg.com/fast-csv/-/fast-csv-3.4.0.tgz#a284a907df57f06d44ac99fe23523345c2252528"
  integrity sha512-/vPTDJc/l6VLOLIqcrMjuhyi8ZVTipTNl2GkVvaYiHlyh16oQMYPUkUVfREurT3MYE9j3mLQDk2Q8kPq30qQCg==
  dependencies:
    "@types/lodash" "^4.14.132"
    "@types/node" "^12.0.2"
    lodash "^4.17.13"

graceful-fs@^4.1.6:
  version "4.2.3"
  resolved "https://registry.yarnpkg.com/graceful-fs/-/graceful-fs-4.2.3.tgz#4a12ff1b60376ef09862c2093edd908328be8423"
  integrity sha512-a30VEBm4PEdx1dRB7MFK7BejejvCvBronbLjht+sHuGYj8PHs7M/5Z+rt5lw551vZ7yfTCj4Vuyy3mSJytDWRQ==

jsonfile@^5.0.0:
  version "5.0.0"
  resolved "https://registry.yarnpkg.com/jsonfile/-/jsonfile-5.0.0.tgz#e6b718f73da420d612823996fdf14a03f6ff6922"
  integrity sha512-NQRZ5CRo74MhMMC3/3r5g2k4fjodJ/wh8MxjFbCViWKFjxrnudWSY5vomh+23ZaXzAS7J3fBZIR2dV6WbmfM0w==
  dependencies:
    universalify "^0.1.2"
  optionalDependencies:
    graceful-fs "^4.1.6"

lodash@^4.17.13:
  version "4.17.19"
  resolved "https://registry.yarnpkg.com/lodash/-/lodash-4.17.19.tgz#e48ddedbe30b3321783c5b4301fbd353bc1e4a4b"
  integrity sha512-JNvd8XER9GQX0v2qJgsaN/mzFCNA5BRe/j8JN9d+tWyGLSodKQHKFicdwNYzWwI3wjRnaKPsGj1XkBjx/F96DQ==

ms@^2.1.1:
  version "2.1.2"
  resolved "https://registry.yarnpkg.com/ms/-/ms-2.1.2.tgz#d09d1f357b443f493382a8eb3ccd183872ae6009"
  integrity sha512-sGkPx+VjMtmA6MX27oA4FBFELFCZZ4S4XqeGOXCv68tT+jb3vk/RyaKWP0PTKyWtmLSM0b+adUTEvbs1PEaH2w==

simple-git@^1.126.0:
  version "1.126.0"
  resolved "https://registry.yarnpkg.com/simple-git/-/simple-git-1.126.0.tgz#0c345372275139c8433b8277f4b3e155092aa434"
  integrity sha512-47mqHxgZnN8XRa9HbpWprzUv3Ooqz9RY/LSZgvA7jCkW8jcwLahMz7LKugY91KZehfG0sCVPtgXiU72hd6b1Bw==
  dependencies:
    debug "^4.0.1"

universalify@^0.1.2:
  version "0.1.2"
  resolved "https://registry.yarnpkg.com/universalify/-/universalify-0.1.2.tgz#b646f69be3942dabcecc9d6639c80dc105efaa66"
  integrity sha512-rBJeI5CXAlmy1pV+617WB9J63U6XcazHHF2f2dbJix4XzpUF0RS3Zbj0FGIOCAva5P/d/GBOYaACQ1w+0azUkg==
